
Microsoft Visual Studio Solution File, Format Version 12.00
# Visual Studio Version 17
VisualStudioVersion = 17.14.36202.13
MinimumVisualStudioVersion = 10.0.40219.1
Project("{FAE04EC0-301F-11D3-BF4B-00C04F79EFBC}") = "Project-Analysis-Tool-With-DB", "Project-Analysis-Tool-With-DB.csproj", "{EC439C1B-C062-489C-BBED-DF2ACEBFC323}"
EndProject
Global
	GlobalSection(SolutionConfigurationPlatforms) = preSolution
		Debug|Any CPU = Debug|Any CPU
		Release|Any CPU = Release|Any CPU
	EndGlobalSection
	GlobalSection(ProjectConfigurationPlatforms) = postSolution
		{EC439C1B-C062-489C-BBED-DF2ACEBFC323}.Debug|Any CPU.ActiveCfg = Debug|Any CPU
		{EC439C1B-C062-489C-BBED-DF2ACEBFC323}.Debug|Any CPU.Build.0 = Debug|Any CPU
		{EC439C1B-C062-489C-BBED-DF2ACEBFC323}.Release|Any CPU.ActiveCfg = Release|Any CPU
		{EC439C1B-C062-489C-BBED-DF2ACEBFC323}.Release|Any CPU.Build.0 = Release|Any CPU
	EndGlobalSection
	GlobalSection(SolutionProperties) = preSolution
		HideSolutionNode = FALSE
	EndGlobalSection
	GlobalSection(ExtensibilityGlobals) = postSolution
		SolutionGuid = {ECE810B2-7DE2-4D99-82A5-B0B9851687C1}
	EndGlobalSection
EndGlobal
